
Microsoft Visual Studio Solution File, Format Version 12.00
# Visual Studio Version 17
VisualStudioVersion = 17.14.36414.22 d17.14
MinimumVisualStudioVersion = 10.0.40219.1
Project("{FAE04EC0-301F-11D3-BF4B-00C04F79EFBC}") = "Library_Management_System", "Library_Management_System\Library_Management_System.csproj", "{36CC0DDC-7434-47D8-8026-5B9669980127}"
EndProject
Global
	GlobalSection(SolutionConfigurationPlatforms) = preSolution
		Debug|Any CPU = Debug|Any CPU
		Release|Any CPU = Release|Any CPU
	EndGlobalSection
	GlobalSection(ProjectConfigurationPlatforms) = postSolution
		{36CC0DDC-7434-47D8-8026-5B9669980127}.Debug|Any CPU.ActiveCfg = Debug|Any CPU
		{36CC0DDC-7434-47D8-8026-5B9669980127}.Debug|Any CPU.Build.0 = Debug|Any CPU
		{36CC0DDC-7434-47D8-8026-5B9669980127}.Release|Any CPU.ActiveCfg = Release|Any CPU
		{36CC0DDC-7434-47D8-8026-5B9669980127}.Release|Any CPU.Build.0 = Release|Any CPU
	EndGlobalSection
	GlobalSection(SolutionProperties) = preSolution
		HideSolutionNode = FALSE
	EndGlobalSection
	GlobalSection(ExtensibilityGlobals) = postSolution
		SolutionGuid = {B8721350-2166-4842-BD56-25B3B54BF19C}
	EndGlobalSection
EndGlobal
